<?xml version="1.0" encoding="utf-8"?>
<Project ToolsVersion="4.0" xmlns="http://schemas.microsoft.com/developer/msbuild/2003">
  <!-- フィルタ -->
  <ItemGroup>
    <!-- ゲーム -->
    <Filter Include="Game">
      <UniqueIdentifier>{2cb470d3-39da-4469-8d29-3b4c1fc1127b}</UniqueIdentifier>
    </Filter>
    <!-- ライブラリ -->
    <Filter Include="Library">
      <UniqueIdentifier>{b3532405-f2dc-4ee1-af4d-61c8a636a7ae}</UniqueIdentifier>
    </Filter>
    <!-- 埋め込みリソース -->
    <Filter Include="EmbeddedResources">
      <UniqueIdentifier>{292890c5-e893-4930-b5be-f69a71f521d4}</UniqueIdentifier>
    </Filter>
    <Filter Include="EmbeddedResources\Icon">
      <UniqueIdentifier>{465c4a3b-3249-400b-a5dd-a9619b66ffc0}</UniqueIdentifier>
    </Filter>
    <!-- リソース -->
    <Filter Include="Resources">
      <UniqueIdentifier>{3138f214-865c-4403-a628-49fbb560444c}</UniqueIdentifier>
    </Filter>
    <Filter Include="Resources\Fonts">
      <UniqueIdentifier>{72692e4c-39e2-48a4-94fc-69ae152d2e5c}</UniqueIdentifier>
    </Filter>
    <Filter Include="Resources\Sounds">
      <UniqueIdentifier>{67809dd6-2240-434e-816d-b3aac7016e22}</UniqueIdentifier>
    </Filter>
    <Filter Include="Resources\Textures">
      <UniqueIdentifier>{48aa4fce-5282-4008-afd6-7bfddd934eb5}</UniqueIdentifier>
    </Filter>
    <Filter Include="Game\Game">
      <UniqueIdentifier>{40bf2f66-be26-4ad0-8492-d2673816cdf5}</UniqueIdentifier>
    </Filter>
    <Filter Include="Game\Player">
      <UniqueIdentifier>{cfe1d345-a0bf-4a80-8e6c-1174a8319ec3}</UniqueIdentifier>
    </Filter>
    <Filter Include="Game\Play">
      <UniqueIdentifier>{9ca1422f-ee72-4105-8921-110103d58a42}</UniqueIdentifier>
    </Filter>
    <Filter Include="Game\Title">
      <UniqueIdentifier>{76ce74a2-b952-45e4-bc25-cfa85d92141e}</UniqueIdentifier>
    </Filter>
  </ItemGroup>
  <!-- ファイル -->
  <ItemGroup>
    <!-- プリコンパイル済みヘッダー -->
    <ClCompile Include="pch.cpp" />
    <ClInclude Include="pch.h" />
    <!-- メイン -->
    <ClCompile Include="WinMain.cpp" />
    <!-- ゲーム -->
    <ClInclude Include="Game\Screen.h">
      <Filter>Game</Filter>
    </ClInclude>
    <!-- ライブラリ -->
    <ClCompile Include="Library\DxLibExtension.cpp">
      <Filter>Library</Filter>
    </ClCompile>
    <ClInclude Include="Library\DxLibExtension.h">
      <Filter>Library</Filter>
    </ClInclude>
    <ClInclude Include="Library\GameLib.h">
      <Filter>Library</Filter>
    </ClInclude>
    <ClInclude Include="Library\GameLibAlgorithm.h">
      <Filter>Library</Filter>
    </ClInclude>
    <ClInclude Include="Library\GameLibErrorHandling.h">
      <Filter>Library</Filter>
    </ClInclude>
    <ClCompile Include="Library\GameLibInput.cpp">
      <Filter>Library</Filter>
    </ClCompile>
    <ClInclude Include="Library\GameLibInput.h">
      <Filter>Library</Filter>
    </ClInclude>
    <ClInclude Include="Library\GameLibMath.h">
      <Filter>Library</Filter>
    </ClInclude>
    <ClInclude Include="Library\GameLibSystem.h">
      <Filter>Library</Filter>
    </ClInclude>
    <ClCompile Include="Library\GameLibTime.cpp">
      <Filter>Library</Filter>
    </ClCompile>
    <ClInclude Include="Library\GameLibTime.h">
      <Filter>Library</Filter>
    </ClInclude>
    <ClInclude Include="Library\MemoryLeakDetector.h">
      <Filter>Library</Filter>
    </ClInclude>
    <!-- 埋め込みリソース -->
    <ClInclude Include="EmbeddedResources\Resource.h">
      <Filter>EmbeddedResources</Filter>
    </ClInclude>
    <ResourceCompile Include="EmbeddedResources\Resource.rc">
      <Filter>EmbeddedResources</Filter>
    </ResourceCompile>
    <Image Include="EmbeddedResources\Icon\Game.ico">
      <Filter>EmbeddedResources\Icon</Filter>
    </Image>
    <!-- リソースファイル -->
    <None Include="Resources\Fonts\PongScore.dft">
      <Filter>Resources\Fonts</Filter>
    </None>
    <None Include="Resources\Sounds\SE00.ogg">
      <Filter>Resources\Sounds</Filter>
    </None>
    <Image Include="Resources\Textures\TridentLogo.png">
      <Filter>Resources\Textures</Filter>
    </Image>
    <!-- プロパティシート -->
    <None Include="DxLib.props" />
    <ClCompile Include="Game\Game.cpp">
      <Filter>Game\Game</Filter>
    </ClCompile>
    <ClCompile Include="Game\Play.cpp">
      <Filter>Game\Play</Filter>
    </ClCompile>
    <ClCompile Include="Game\Player.cpp">
      <Filter>Game\Player</Filter>
    </ClCompile>
    <ClCompile Include="Game\Title.cpp">
      <Filter>Game\Title</Filter>
    </ClCompile>
  </ItemGroup>
  <ItemGroup>
    <ClInclude Include="Game\Game.h">
      <Filter>Game\Game</Filter>
    </ClInclude>
    <ClInclude Include="Game\Play.h">
      <Filter>Game\Play</Filter>
    </ClInclude>
    <ClInclude Include="Game\Player.h">
      <Filter>Game\Player</Filter>
    </ClInclude>
    <ClInclude Include="Game\Title.h">
      <Filter>Game\Title</Filter>
    </ClInclude>
  </ItemGroup>
</Project>